<?xml version="1.0" encoding="utf-8"?>
<Project ToolsVersion="4.0" xmlns="http://schemas.microsoft.com/developer/msbuild/2003">
  <ItemGroup>
    <Filter Include="Source Files">
      <UniqueIdentifier>{4FC737F1-C7A5-4376-A066-2A32D752A2FF}</UniqueIdentifier>
      <Extensions>cpp;c;cc;cxx;c++;cppm;ixx;def;odl;idl;hpj;bat;asm;asmx</Extensions>
    </Filter>
    <Filter Include="Header Files">
      <UniqueIdentifier>{93995380-89BD-4b04-88EB-625FBE52EBFB}</UniqueIdentifier>
      <Extensions>h;hh;hpp;hxx;h++;hm;inl;inc;ipp;xsd</Extensions>
    </Filter>
    <Filter Include="Resource Files">
      <UniqueIdentifier>{67DA6AB6-F800-4c08-8B7A-83BB121AAD01}</UniqueIdentifier>
      <Extensions>rc;ico;cur;bmp;dlg;rc2;rct;bin;rgs;gif;jpg;jpeg;jpe;resx;tiff;tif;png;wav;mfcribbon-ms</Extensions>
    </Filter>
    <Filter Include="Source Files\Furniture">
      <UniqueIdentifier>{85d46e9e-c93a-491d-bf8f-01890bcf6fc5}</UniqueIdentifier>
    </Filter>
    <Filter Include="Source Files\Network">
      <UniqueIdentifier>{d0b711da-bc40-466d-93ab-8e17e8dca5a7}</UniqueIdentifier>
    </Filter>
    <Filter Include="vendor">
      <UniqueIdentifier>{1c2ca0c3-2f65-4d3f-913c-100507933faa}</UniqueIdentifier>
    </Filter>
    <Filter Include="Source Files\engine">
      <UniqueIdentifier>{3c405934-bede-45d6-b381-22767cb9cde3}</UniqueIdentifier>
    </Filter>
  </ItemGroup>
  <ItemGroup>
    <None Include="..\README.md">
      <Filter>Resource Files</Filter>
    </None>
    <None Include="..\src\makefile">
      <Filter>Source Files</Filter>
    </None>
  </ItemGroup>
  <ItemGroup>
    <ClInclude Include="..\src\furniture\wall.h">
      <Filter>Source Files\Furniture</Filter>
    </ClInclude>
    <ClInclude Include="..\src\furniture\table.h">
      <Filter>Source Files\Furniture</Filter>
    </ClInclude>
    <ClInclude Include="..\src\furniture\register.h">
      <Filter>Source Files\Furniture</Filter>
    </ClInclude>
    <ClInclude Include="..\src\network\network.h">
      <Filter>Source Files\Network</Filter>
    </ClInclude>
    <ClInclude Include="..\src\network\networklayer.h">
      <Filter>Source Files\Network</Filter>
    </ClInclude>
    <ClInclude Include="..\src\network\shared.h">
      <Filter>Source Files\Network</Filter>
    </ClInclude>
    <ClInclude Include="..\src\network\client.h">
      <Filter>Header Files</Filter>
    </ClInclude>
    <ClInclude Include="..\src\network\server.h">
      <Filter>Header Files</Filter>
    </ClInclude>
    <ClInclude Include="..\src\network\webrequest.h">
      <Filter>Header Files</Filter>
    </ClInclude>
    <ClInclude Include="..\vendor\HTTPRequest.hpp">
      <Filter>Header Files</Filter>
    </ClInclude>
    <ClInclude Include="..\src\aboutlayer.h">
      <Filter>Source Files</Filter>
    </ClInclude>
    <ClInclude Include="..\src\ailment.h">
      <Filter>Source Files</Filter>
    </ClInclude>
    <ClInclude Include="..\src\aiperson.h">
      <Filter>Source Files</Filter>
    </ClInclude>
    <ClInclude Include="..\src\base_player.h">
      <Filter>Source Files</Filter>
    </ClInclude>
    <ClInclude Include="..\src\camera.h">
      <Filter>Source Files</Filter>
    </ClInclude>
    <ClInclude Include="..\src\customer.h">
      <Filter>Source Files</Filter>
    </ClInclude>
    <ClInclude Include="..\src\drawing_util.h">
      <Filter>Source Files</Filter>
    </ClInclude>
    <ClInclude Include="..\src\engine.h">
      <Filter>Source Files</Filter>
    </ClInclude>
    <ClInclude Include="..\src\entities.h">
      <Filter>Source Files</Filter>
    </ClInclude>
    <ClInclude Include="..\src\entity.h">
      <Filter>Source Files</Filter>
    </ClInclude>
    <ClInclude Include="..\src\entityhelper.h">
      <Filter>Source Files</Filter>
    </ClInclude>
    <ClInclude Include="..\src\external_include.h">
      <Filter>Source Files</Filter>
    </ClInclude>
    <ClInclude Include="..\src\fpslayer.h">
      <Filter>Source Files</Filter>
    </ClInclude>
    <ClInclude Include="..\src\furniture.h">
      <Filter>Source Files</Filter>
    </ClInclude>
    <ClInclude Include="..\src\furnitures.h">
      <Filter>Source Files</Filter>
    </ClInclude>
    <ClInclude Include="..\src\gamedebuglayer.h">
      <Filter>Source Files</Filter>
    </ClInclude>
    <ClInclude Include="..\src\gamelayer.h">
      <Filter>Source Files</Filter>
    </ClInclude>
    <ClInclude Include="..\src\globals.h">
      <Filter>Source Files</Filter>
    </ClInclude>
    <ClInclude Include="..\src\item.h">
      <Filter>Source Files</Filter>
    </ClInclude>
    <ClInclude Include="..\src\item_helper.h">
      <Filter>Source Files</Filter>
    </ClInclude>
    <ClInclude Include="..\src\job.h">
      <Filter>Source Files</Filter>
    </ClInclude>
    <ClInclude Include="..\src\map.h">
      <Filter>Source Files</Filter>
    </ClInclude>
    <ClInclude Include="..\src\medicine.h">
      <Filter>Source Files</Filter>
    </ClInclude>
    <ClInclude Include="..\src\menu.h">
      <Filter>Source Files</Filter>
    </ClInclude>
    <ClInclude Include="..\src\menulayer.h">
      <Filter>Source Files</Filter>
    </ClInclude>
    <ClInclude Include="..\src\menustatelayer.h">
      <Filter>Source Files</Filter>
    </ClInclude>
    <ClInclude Include="..\src\names.h">
      <Filter>Source Files</Filter>
    </ClInclude>
    <ClInclude Include="..\src\networklayer.h">
      <Filter>Source Files</Filter>
    </ClInclude>
    <ClInclude Include="..\src\pauselayer.h">
      <Filter>Source Files</Filter>
    </ClInclude>
    <ClInclude Include="..\src\person.h">
      <Filter>Source Files</Filter>
    </ClInclude>
    <ClInclude Include="..\src\player.h">
      <Filter>Source Files</Filter>
    </ClInclude>
    <ClInclude Include="..\src\preload.h">
      <Filter>Source Files</Filter>
    </ClInclude>
    <ClInclude Include="..\src\remote_player.h">
      <Filter>Source Files</Filter>
    </ClInclude>
    <ClInclude Include="..\src\settings.h">
      <Filter>Source Files</Filter>
    </ClInclude>
    <ClInclude Include="..\src\settingslayer.h">
      <Filter>Source Files</Filter>
    </ClInclude>
    <ClInclude Include="..\src\spawner.h">
      <Filter>Source Files</Filter>
    </ClInclude>
    <ClInclude Include="..\src\std_include.h">
      <Filter>Source Files</Filter>
    </ClInclude>
    <ClInclude Include="..\src\streamersafelayer.h">
      <Filter>Source Files</Filter>
    </ClInclude>
    <ClInclude Include="..\src\targetcube.h">
      <Filter>Source Files</Filter>
    </ClInclude>
    <ClInclude Include="..\src\text_util.h">
      <Filter>Source Files</Filter>
    </ClInclude>
    <ClInclude Include="..\src\util.h">
      <Filter>Source Files</Filter>
    </ClInclude>
    <ClInclude Include="..\src\vec_util.h">
      <Filter>Source Files</Filter>
    </ClInclude>
    <ClInclude Include="..\src\vendor_include.h">
      <Filter>Source Files</Filter>
    </ClInclude>
    <ClInclude Include="..\src\versionlayer.h">
      <Filter>Source Files</Filter>
    </ClInclude>
    <ClInclude Include="..\src\engine\app.h">
      <Filter>Source Files\engine</Filter>
    </ClInclude>
    <ClInclude Include="..\src\engine\assert.h">
      <Filter>Source Files\engine</Filter>
    </ClInclude>
    <ClInclude Include="..\src\engine\astar.h">
      <Filter>Source Files\engine</Filter>
    </ClInclude>
    <ClInclude Include="..\src\engine\atomic_queue.h">
      <Filter>Source Files\engine</Filter>
    </ClInclude>
    <ClInclude Include="..\src\engine\constexpr_containers.h">
      <Filter>Source Files\engine</Filter>
    </ClInclude>
    <ClInclude Include="..\src\engine\defer.h">
      <Filter>Source Files\engine</Filter>
    </ClInclude>
    <ClInclude Include="..\src\engine\event.h">
      <Filter>Source Files\engine</Filter>
    </ClInclude>
    <ClInclude Include="..\src\engine\files.h">
      <Filter>Source Files\engine</Filter>
    </ClInclude>
    <ClInclude Include="..\src\engine\gamepad_axis_with_dir.h">
      <Filter>Source Files\engine</Filter>
    </ClInclude>
    <ClInclude Include="..\src\engine\globals_register.h">
      <Filter>Source Files\engine</Filter>
    </ClInclude>
    <ClInclude Include="..\src\engine\is_server.h">
      <Filter>Source Files\engine</Filter>
    </ClInclude>
    <ClInclude Include="..\src\engine\keymap.h">
      <Filter>Source Files\engine</Filter>
    </ClInclude>
    <ClInclude Include="..\src\engine\layer.h">
      <Filter>Source Files\engine</Filter>
    </ClInclude>
    <ClInclude Include="..\src\engine\library.h">
      <Filter>Source Files\engine</Filter>
    </ClInclude>
    <ClInclude Include="..\src\engine\model_library.h">
      <Filter>Source Files\engine</Filter>
    </ClInclude>
    <ClInclude Include="..\src\engine\music_library.h">
      <Filter>Source Files\engine</Filter>
    </ClInclude>
    <ClInclude Include="..\src\engine\navmesh.h">
      <Filter>Source Files\engine</Filter>
    </ClInclude>
    <ClInclude Include="..\src\engine\polygon.h">
      <Filter>Source Files\engine</Filter>
    </ClInclude>
    <ClInclude Include="..\src\engine\profile.h">
      <Filter>Source Files\engine</Filter>
    </ClInclude>
    <ClInclude Include="..\src\engine\random.h">
      <Filter>Source Files\engine</Filter>
    </ClInclude>
    <ClInclude Include="..\src\engine\shader_library.h">
      <Filter>Source Files\engine</Filter>
    </ClInclude>
    <ClInclude Include="..\src\engine\singleton.h">
      <Filter>Source Files\engine</Filter>
    </ClInclude>
    <ClInclude Include="..\src\engine\sound_library.h">
      <Filter>Source Files\engine</Filter>
    </ClInclude>
    <ClInclude Include="..\src\engine\texture_library.h">
      <Filter>Source Files\engine</Filter>
    </ClInclude>
    <ClInclude Include="..\src\engine\timer.h">
      <Filter>Source Files\engine</Filter>
    </ClInclude>
    <ClInclude Include="..\src\engine\ui.h">
      <Filter>Source Files\engine</Filter>
    </ClInclude>
    <ClInclude Include="..\src\engine\ui_autolayout.h">
      <Filter>Source Files\engine</Filter>
    </ClInclude>
    <ClInclude Include="..\src\engine\ui_color.h">
      <Filter>Source Files\engine</Filter>
    </ClInclude>
    <ClInclude Include="..\src\engine\ui_context.h">
      <Filter>Source Files\engine</Filter>
    </ClInclude>
    <ClInclude Include="..\src\engine\ui_state.h">
      <Filter>Source Files\engine</Filter>
    </ClInclude>
    <ClInclude Include="..\src\engine\ui_theme.h">
      <Filter>Source Files\engine</Filter>
    </ClInclude>
    <ClInclude Include="..\src\engine\ui_widget.h">
      <Filter>Source Files\engine</Filter>
    </ClInclude>
    <ClInclude Include="..\src\engine\uuid.h">
      <Filter>Source Files\engine</Filter>
    </ClInclude>
    <ClInclude Include="..\src\engine\network\webrequest.h">
      <Filter>Source Files\engine</Filter>
    </ClInclude>
  </ItemGroup>
  <ItemGroup>
    <ClCompile Include="..\src\game.cpp">
      <Filter>Source Files</Filter>
    </ClCompile>
    <ClCompile Include="..\src\engine\app.cpp">
      <Filter>Source Files\engine</Filter>
    </ClCompile>
    <ClCompile Include="..\src\engine\files.cpp">
      <Filter>Source Files\engine</Filter>
    </ClCompile>
    <ClCompile Include="..\src\engine\network\webrequest.cpp">
      <Filter>Source Files\engine</Filter>
    </ClCompile>
    <ClCompile Include="..\vendor\tracy\TracyClient.cpp">
      <Filter>Source Files</Filter>
    </ClCompile>
  </ItemGroup>
</Project>