<?xml version="1.0" encoding="utf-8"?>
<Project ToolsVersion="4.0" xmlns="http://schemas.microsoft.com/developer/msbuild/2003">
  <ItemGroup>
    <Filter Include="Source Files">
      <UniqueIdentifier>{4FC737F1-C7A5-4376-A066-2A32D752A2FF}</UniqueIdentifier>
      <Extensions>cpp;c;cc;cxx;c++;cppm;ixx;def;odl;idl;hpj;bat;asm;asmx</Extensions>
    </Filter>
    <Filter Include="Header Files">
      <UniqueIdentifier>{93995380-89BD-4b04-88EB-625FBE52EBFB}</UniqueIdentifier>
      <Extensions>h;hh;hpp;hxx;h++;hm;inl;inc;ipp;xsd</Extensions>
    </Filter>
    <Filter Include="Resource Files">
      <UniqueIdentifier>{67DA6AB6-F800-4c08-8B7A-83BB121AAD01}</UniqueIdentifier>
      <Extensions>rc;ico;cur;bmp;dlg;rc2;rct;bin;rgs;gif;jpg;jpeg;jpe;resx;tiff;tif;png;wav;mfcribbon-ms</Extensions>
    </Filter>
    <Filter Include="Source Files\Furniture">
      <UniqueIdentifier>{85d46e9e-c93a-491d-bf8f-01890bcf6fc5}</UniqueIdentifier>
    </Filter>
    <Filter Include="Source Files\Network">
      <UniqueIdentifier>{d0b711da-bc40-466d-93ab-8e17e8dca5a7}</UniqueIdentifier>
    </Filter>
    <Filter Include="vendor">
      <UniqueIdentifier>{1c2ca0c3-2f65-4d3f-913c-100507933faa}</UniqueIdentifier>
    </Filter>
  </ItemGroup>
  <ItemGroup>
    <None Include="..\README.md">
      <Filter>Resource Files</Filter>
    </None>
    <None Include="..\src\makefile">
      <Filter>Source Files</Filter>
    </None>
  </ItemGroup>
  <ItemGroup>
    <ClInclude Include="..\src\furniture.h">
      <Filter>Source Files</Filter>
    </ClInclude>
    <ClInclude Include="..\src\furnitures.h">
      <Filter>Source Files</Filter>
    </ClInclude>
    <ClInclude Include="..\src\gamelayer.h">
      <Filter>Source Files</Filter>
    </ClInclude>
    <ClInclude Include="..\src\gamepad_axis_with_dir.h">
      <Filter>Source Files</Filter>
    </ClInclude>
    <ClInclude Include="..\src\globals.h">
      <Filter>Source Files</Filter>
    </ClInclude>
    <ClInclude Include="..\src\item.h">
      <Filter>Source Files</Filter>
    </ClInclude>
    <ClInclude Include="..\src\job.h">
      <Filter>Source Files</Filter>
    </ClInclude>
    <ClInclude Include="..\src\keymap.h">
      <Filter>Source Files</Filter>
    </ClInclude>
    <ClInclude Include="..\src\layer.h">
      <Filter>Source Files</Filter>
    </ClInclude>
    <ClInclude Include="..\src\medicine.h">
      <Filter>Source Files</Filter>
    </ClInclude>
    <ClInclude Include="..\src\menu.h">
      <Filter>Source Files</Filter>
    </ClInclude>
    <ClInclude Include="..\src\menulayer.h">
      <Filter>Source Files</Filter>
    </ClInclude>
    <ClInclude Include="..\src\menustatelayer.h">
      <Filter>Source Files</Filter>
    </ClInclude>
    <ClInclude Include="..\src\modellibrary.h">
      <Filter>Source Files</Filter>
    </ClInclude>
    <ClInclude Include="..\src\names.h">
      <Filter>Source Files</Filter>
    </ClInclude>
    <ClInclude Include="..\src\navmesh.h">
      <Filter>Source Files</Filter>
    </ClInclude>
    <ClInclude Include="..\src\person.h">
      <Filter>Source Files</Filter>
    </ClInclude>
    <ClInclude Include="..\src\player.h">
      <Filter>Source Files</Filter>
    </ClInclude>
    <ClInclude Include="..\src\polygon.h">
      <Filter>Source Files</Filter>
    </ClInclude>
    <ClInclude Include="..\src\preload.h">
      <Filter>Source Files</Filter>
    </ClInclude>
    <ClInclude Include="..\src\random.h">
      <Filter>Source Files</Filter>
    </ClInclude>
    <ClInclude Include="..\src\settings.h">
      <Filter>Source Files</Filter>
    </ClInclude>
    <ClInclude Include="..\src\settingslayer.h">
      <Filter>Source Files</Filter>
    </ClInclude>
    <ClInclude Include="..\src\singleton.h">
      <Filter>Source Files</Filter>
    </ClInclude>
    <ClInclude Include="..\src\targetcube.h">
      <Filter>Source Files</Filter>
    </ClInclude>
    <ClInclude Include="..\src\text_util.h">
      <Filter>Source Files</Filter>
    </ClInclude>
    <ClInclude Include="..\src\texture_library.h">
      <Filter>Source Files</Filter>
    </ClInclude>
    <ClInclude Include="..\src\ui.h">
      <Filter>Source Files</Filter>
    </ClInclude>
    <ClInclude Include="..\src\ui_autolayout.h">
      <Filter>Source Files</Filter>
    </ClInclude>
    <ClInclude Include="..\src\ui_color.h">
      <Filter>Source Files</Filter>
    </ClInclude>
    <ClInclude Include="..\src\ui_context.h">
      <Filter>Source Files</Filter>
    </ClInclude>
    <ClInclude Include="..\src\ui_state.h">
      <Filter>Source Files</Filter>
    </ClInclude>
    <ClInclude Include="..\src\ui_theme.h">
      <Filter>Source Files</Filter>
    </ClInclude>
    <ClInclude Include="..\src\ui_widget.h">
      <Filter>Source Files</Filter>
    </ClInclude>
    <ClInclude Include="..\src\util.h">
      <Filter>Source Files</Filter>
    </ClInclude>
    <ClInclude Include="..\src\uuid.h">
      <Filter>Source Files</Filter>
    </ClInclude>
    <ClInclude Include="..\src\vec_util.h">
      <Filter>Source Files</Filter>
    </ClInclude>
    <ClInclude Include="..\src\versionlayer.h">
      <Filter>Source Files</Filter>
    </ClInclude>
    <ClInclude Include="..\src\world.h">
      <Filter>Source Files</Filter>
    </ClInclude>
    <ClInclude Include="..\src\resources\fonts\Karmina_Regular_256.h">
      <Filter>Source Files</Filter>
    </ClInclude>
    <ClInclude Include="..\src\tests\all_tests.h">
      <Filter>Source Files</Filter>
    </ClInclude>
    <ClInclude Include="..\src\tests\test_entity_fetching.h">
      <Filter>Source Files</Filter>
    </ClInclude>
    <ClInclude Include="..\src\tests\test_ui_widget.h">
      <Filter>Source Files</Filter>
    </ClInclude>
    <ClInclude Include="..\src\aboutlayer.h">
      <Filter>Source Files</Filter>
    </ClInclude>
    <ClInclude Include="..\src\ailment.h">
      <Filter>Source Files</Filter>
    </ClInclude>
    <ClInclude Include="..\src\aiperson.h">
      <Filter>Source Files</Filter>
    </ClInclude>
    <ClInclude Include="..\src\app.h">
      <Filter>Source Files</Filter>
    </ClInclude>
    <ClInclude Include="..\src\assert.h">
      <Filter>Source Files</Filter>
    </ClInclude>
    <ClInclude Include="..\src\astar.h">
      <Filter>Source Files</Filter>
    </ClInclude>
    <ClInclude Include="..\src\camera.h">
      <Filter>Source Files</Filter>
    </ClInclude>
    <ClInclude Include="..\src\customer.h">
      <Filter>Source Files</Filter>
    </ClInclude>
    <ClInclude Include="..\src\drawing_util.h">
      <Filter>Source Files</Filter>
    </ClInclude>
    <ClInclude Include="..\src\entities.h">
      <Filter>Source Files</Filter>
    </ClInclude>
    <ClInclude Include="..\src\entity.h">
      <Filter>Source Files</Filter>
    </ClInclude>
    <ClInclude Include="..\src\entityhelper.h">
      <Filter>Source Files</Filter>
    </ClInclude>
    <ClInclude Include="..\src\event.h">
      <Filter>Source Files</Filter>
    </ClInclude>
    <ClInclude Include="..\src\external_include.h">
      <Filter>Source Files</Filter>
    </ClInclude>
    <ClInclude Include="..\src\files.h">
      <Filter>Source Files</Filter>
    </ClInclude>
    <ClInclude Include="..\src\fpslayer.h">
      <Filter>Source Files</Filter>
    </ClInclude>
    <ClInclude Include="..\src\furniture\wall.h">
      <Filter>Source Files\Furniture</Filter>
    </ClInclude>
    <ClInclude Include="..\src\furniture\table.h">
      <Filter>Source Files\Furniture</Filter>
    </ClInclude>
    <ClInclude Include="..\src\furniture\register.h">
      <Filter>Source Files\Furniture</Filter>
    </ClInclude>
    <ClInclude Include="..\src\timer.h">
      <Filter>Source Files</Filter>
    </ClInclude>
    <ClInclude Include="..\src\network\network.h">
      <Filter>Source Files\Network</Filter>
    </ClInclude>
    <ClInclude Include="..\src\network\networklayer.h">
      <Filter>Source Files\Network</Filter>
    </ClInclude>
    <ClInclude Include="..\src\network\shared.h">
      <Filter>Source Files\Network</Filter>
    </ClInclude>
    <ClInclude Include="..\vendor\bitsery\adapter\buffer.h">
      <Filter>Source Files</Filter>
    </ClInclude>
    <ClInclude Include="..\vendor\bitsery\adapter\measure_size.h">
      <Filter>Source Files</Filter>
    </ClInclude>
    <ClInclude Include="..\vendor\bitsery\adapter\stream.h">
      <Filter>Source Files</Filter>
    </ClInclude>
    <ClInclude Include="..\vendor\bitsery\bitsery.h">
      <Filter>Source Files</Filter>
    </ClInclude>
    <ClInclude Include="..\vendor\bitsery\brief_syntax\array.h">
      <Filter>Source Files</Filter>
    </ClInclude>
    <ClInclude Include="..\vendor\bitsery\brief_syntax\atomic.h">
      <Filter>Source Files</Filter>
    </ClInclude>
    <ClInclude Include="..\vendor\bitsery\brief_syntax\chrono.h">
      <Filter>Source Files</Filter>
    </ClInclude>
    <ClInclude Include="..\vendor\bitsery\brief_syntax\deque.h">
      <Filter>Source Files</Filter>
    </ClInclude>
    <ClInclude Include="..\vendor\bitsery\brief_syntax\forward_list.h">
      <Filter>Source Files</Filter>
    </ClInclude>
    <ClInclude Include="..\vendor\bitsery\brief_syntax\list.h">
      <Filter>Source Files</Filter>
    </ClInclude>
    <ClInclude Include="..\vendor\bitsery\brief_syntax\map.h">
      <Filter>Source Files</Filter>
    </ClInclude>
    <ClInclude Include="..\vendor\bitsery\brief_syntax\memory.h">
      <Filter>Source Files</Filter>
    </ClInclude>
    <ClInclude Include="..\vendor\bitsery\brief_syntax\queue.h">
      <Filter>Source Files</Filter>
    </ClInclude>
    <ClInclude Include="..\vendor\bitsery\brief_syntax\set.h">
      <Filter>Source Files</Filter>
    </ClInclude>
    <ClInclude Include="..\vendor\bitsery\brief_syntax\stack.h">
      <Filter>Source Files</Filter>
    </ClInclude>
    <ClInclude Include="..\vendor\bitsery\brief_syntax\string.h">
      <Filter>Source Files</Filter>
    </ClInclude>
    <ClInclude Include="..\vendor\bitsery\brief_syntax\tuple.h">
      <Filter>Source Files</Filter>
    </ClInclude>
    <ClInclude Include="..\vendor\bitsery\brief_syntax\unordered_map.h">
      <Filter>Source Files</Filter>
    </ClInclude>
    <ClInclude Include="..\vendor\bitsery\brief_syntax\unordered_set.h">
      <Filter>Source Files</Filter>
    </ClInclude>
    <ClInclude Include="..\vendor\bitsery\brief_syntax\variant.h">
      <Filter>Source Files</Filter>
    </ClInclude>
    <ClInclude Include="..\vendor\bitsery\brief_syntax\vector.h">
      <Filter>Source Files</Filter>
    </ClInclude>
    <ClInclude Include="..\vendor\bitsery\brief_syntax.h">
      <Filter>Source Files</Filter>
    </ClInclude>
    <ClInclude Include="..\vendor\bitsery\common.h">
      <Filter>Source Files</Filter>
    </ClInclude>
    <ClInclude Include="..\vendor\bitsery\deserializer.h">
      <Filter>Source Files</Filter>
    </ClInclude>
    <ClInclude Include="..\vendor\bitsery\details\adapter_common.h">
      <Filter>Source Files</Filter>
    </ClInclude>
    <ClInclude Include="..\vendor\bitsery\details\brief_syntax_common.h">
      <Filter>Source Files</Filter>
    </ClInclude>
    <ClInclude Include="..\vendor\bitsery\details\not_defined_type.h">
      <Filter>Source Files</Filter>
    </ClInclude>
    <ClInclude Include="..\vendor\bitsery\details\serialization_common.h">
      <Filter>Source Files</Filter>
    </ClInclude>
    <ClInclude Include="..\vendor\bitsery\ext\compact_value.h">
      <Filter>Source Files</Filter>
    </ClInclude>
    <ClInclude Include="..\vendor\bitsery\ext\entropy.h">
      <Filter>Source Files</Filter>
    </ClInclude>
    <ClInclude Include="..\vendor\bitsery\ext\growable.h">
      <Filter>Source Files</Filter>
    </ClInclude>
    <ClInclude Include="..\vendor\bitsery\ext\inheritance.h">
      <Filter>Source Files</Filter>
    </ClInclude>
    <ClInclude Include="..\vendor\bitsery\ext\pointer.h">
      <Filter>Source Files</Filter>
    </ClInclude>
    <ClInclude Include="..\vendor\bitsery\ext\std_atomic.h">
      <Filter>Source Files</Filter>
    </ClInclude>
    <ClInclude Include="..\vendor\bitsery\ext\std_bitset.h">
      <Filter>Source Files</Filter>
    </ClInclude>
    <ClInclude Include="..\vendor\bitsery\ext\std_chrono.h">
      <Filter>Source Files</Filter>
    </ClInclude>
    <ClInclude Include="..\vendor\bitsery\ext\std_map.h">
      <Filter>Source Files</Filter>
    </ClInclude>
    <ClInclude Include="..\vendor\bitsery\ext\std_optional.h">
      <Filter>Source Files</Filter>
    </ClInclude>
    <ClInclude Include="..\vendor\bitsery\ext\std_queue.h">
      <Filter>Source Files</Filter>
    </ClInclude>
    <ClInclude Include="..\vendor\bitsery\ext\std_set.h">
      <Filter>Source Files</Filter>
    </ClInclude>
    <ClInclude Include="..\vendor\bitsery\ext\std_smart_ptr.h">
      <Filter>Source Files</Filter>
    </ClInclude>
    <ClInclude Include="..\vendor\bitsery\ext\std_stack.h">
      <Filter>Source Files</Filter>
    </ClInclude>
    <ClInclude Include="..\vendor\bitsery\ext\std_tuple.h">
      <Filter>Source Files</Filter>
    </ClInclude>
    <ClInclude Include="..\vendor\bitsery\ext\std_variant.h">
      <Filter>Source Files</Filter>
    </ClInclude>
    <ClInclude Include="..\vendor\bitsery\ext\utils\composite_type_overloads.h">
      <Filter>Source Files</Filter>
    </ClInclude>
    <ClInclude Include="..\vendor\bitsery\ext\utils\memory_resource.h">
      <Filter>Source Files</Filter>
    </ClInclude>
    <ClInclude Include="..\vendor\bitsery\ext\utils\pointer_utils.h">
      <Filter>Source Files</Filter>
    </ClInclude>
    <ClInclude Include="..\vendor\bitsery\ext\utils\polymorphism_utils.h">
      <Filter>Source Files</Filter>
    </ClInclude>
    <ClInclude Include="..\vendor\bitsery\ext\utils\rtti_utils.h">
      <Filter>Source Files</Filter>
    </ClInclude>
    <ClInclude Include="..\vendor\bitsery\ext\value_range.h">
      <Filter>Source Files</Filter>
    </ClInclude>
    <ClInclude Include="..\vendor\bitsery\serializer.h">
      <Filter>Source Files</Filter>
    </ClInclude>
    <ClInclude Include="..\vendor\bitsery\traits\array.h">
      <Filter>Source Files</Filter>
    </ClInclude>
    <ClInclude Include="..\vendor\bitsery\traits\core\std_defaults.h">
      <Filter>Source Files</Filter>
    </ClInclude>
    <ClInclude Include="..\vendor\bitsery\traits\core\traits.h">
      <Filter>Source Files</Filter>
    </ClInclude>
    <ClInclude Include="..\vendor\bitsery\traits\deque.h">
      <Filter>Source Files</Filter>
    </ClInclude>
    <ClInclude Include="..\vendor\bitsery\traits\forward_list.h">
      <Filter>Source Files</Filter>
    </ClInclude>
    <ClInclude Include="..\vendor\bitsery\traits\list.h">
      <Filter>Source Files</Filter>
    </ClInclude>
    <ClInclude Include="..\vendor\bitsery\traits\string.h">
      <Filter>Source Files</Filter>
    </ClInclude>
    <ClInclude Include="..\vendor\bitsery\traits\vector.h">
      <Filter>Source Files</Filter>
    </ClInclude>
    <ClInclude Include="..\vendor\enet.h">
      <Filter>Source Files</Filter>
    </ClInclude>
    <ClInclude Include="..\vendor\enetpp.h">
      <Filter>Source Files</Filter>
    </ClInclude>
    <ClInclude Include="..\vendor\fmt\args.h">
      <Filter>Source Files</Filter>
    </ClInclude>
    <ClInclude Include="..\vendor\fmt\chrono.h">
      <Filter>Source Files</Filter>
    </ClInclude>
    <ClInclude Include="..\vendor\fmt\color.h">
      <Filter>Source Files</Filter>
    </ClInclude>
    <ClInclude Include="..\vendor\fmt\compile.h">
      <Filter>Source Files</Filter>
    </ClInclude>
    <ClInclude Include="..\vendor\fmt\core.h">
      <Filter>Source Files</Filter>
    </ClInclude>
    <ClInclude Include="..\vendor\fmt\format-inl.h">
      <Filter>Source Files</Filter>
    </ClInclude>
    <ClInclude Include="..\vendor\fmt\format.h">
      <Filter>Source Files</Filter>
    </ClInclude>
    <ClInclude Include="..\vendor\fmt\locale.h">
      <Filter>Source Files</Filter>
    </ClInclude>
    <ClInclude Include="..\vendor\fmt\os.h">
      <Filter>Source Files</Filter>
    </ClInclude>
    <ClInclude Include="..\vendor\fmt\ostream.h">
      <Filter>Source Files</Filter>
    </ClInclude>
    <ClInclude Include="..\vendor\fmt\printf.h">
      <Filter>Source Files</Filter>
    </ClInclude>
    <ClInclude Include="..\vendor\fmt\ranges.h">
      <Filter>Source Files</Filter>
    </ClInclude>
    <ClInclude Include="..\vendor\fmt\xchar.h">
      <Filter>Source Files</Filter>
    </ClInclude>
    <ClInclude Include="..\vendor\sago\platform_folders.h">
      <Filter>Source Files</Filter>
    </ClInclude>
    <ClInclude Include="..\yotest\shared.h">
      <Filter>Source Files</Filter>
    </ClInclude>
    <ClInclude Include="..\src\base_player.h">
      <Filter>Source Files</Filter>
    </ClInclude>
    <ClInclude Include="..\src\music_library.h">
      <Filter>Source Files</Filter>
    </ClInclude>
    <ClInclude Include="..\src\remote_player.h">
      <Filter>Source Files</Filter>
    </ClInclude>
    <ClInclude Include="..\src\sound_library.h">
      <Filter>Source Files</Filter>
    </ClInclude>
  </ItemGroup>
  <ItemGroup>
    <ClCompile Include="..\src\game.cpp">
      <Filter>Source Files</Filter>
    </ClCompile>
  </ItemGroup>
</Project>