<?xml version="1.0" encoding="utf-8"?>
<Project ToolsVersion="4.0" xmlns="http://schemas.microsoft.com/developer/msbuild/2003">
  <ItemGroup>
    <Filter Include="Source Files">
      <UniqueIdentifier>{4FC737F1-C7A5-4376-A066-2A32D752A2FF}</UniqueIdentifier>
      <Extensions>cpp;c;cc;cxx;c++;cppm;ixx;def;odl;idl;hpj;bat;asm;asmx</Extensions>
    </Filter>
    <Filter Include="Header Files">
      <UniqueIdentifier>{93995380-89BD-4b04-88EB-625FBE52EBFB}</UniqueIdentifier>
      <Extensions>h;hh;hpp;hxx;h++;hm;inl;inc;ipp;xsd</Extensions>
    </Filter>
    <Filter Include="Resource Files">
      <UniqueIdentifier>{67DA6AB6-F800-4c08-8B7A-83BB121AAD01}</UniqueIdentifier>
      <Extensions>rc;ico;cur;bmp;dlg;rc2;rct;bin;rgs;gif;jpg;jpeg;jpe;resx;tiff;tif;png;wav;mfcribbon-ms</Extensions>
    </Filter>
    <Filter Include="Source Files\Furniture">
      <UniqueIdentifier>{85d46e9e-c93a-491d-bf8f-01890bcf6fc5}</UniqueIdentifier>
    </Filter>
    <Filter Include="Source Files\Network">
      <UniqueIdentifier>{d0b711da-bc40-466d-93ab-8e17e8dca5a7}</UniqueIdentifier>
    </Filter>
    <Filter Include="vendor">
      <UniqueIdentifier>{1c2ca0c3-2f65-4d3f-913c-100507933faa}</UniqueIdentifier>
    </Filter>
    <Filter Include="Source Files\engine">
      <UniqueIdentifier>{3c405934-bede-45d6-b381-22767cb9cde3}</UniqueIdentifier>
    </Filter>
    <Filter Include="Source Files\System">
      <UniqueIdentifier>{49b68c78-bdad-4e27-9059-656a7f9fc82a}</UniqueIdentifier>
    </Filter>
  </ItemGroup>
  <ItemGroup>
    <None Include="..\README.md">
      <Filter>Resource Files</Filter>
    </None>
    <None Include="..\resources\config\settings.json">
      <Filter>Resource Files</Filter>
    </None>
    <None Include="..\src\makefile">
      <Filter>Source Files</Filter>
    </None>
    <None Include="..\src\2">
      <Filter>Source Files</Filter>
    </None>
  </ItemGroup>
  <ItemGroup>
    <ClInclude Include="..\src\network\network.h">
      <Filter>Source Files\Network</Filter>
    </ClInclude>
    <ClInclude Include="..\src\network\shared.h">
      <Filter>Source Files\Network</Filter>
    </ClInclude>
    <ClInclude Include="..\src\network\client.h">
      <Filter>Header Files</Filter>
    </ClInclude>
    <ClInclude Include="..\src\network\server.h">
      <Filter>Header Files</Filter>
    </ClInclude>
    <ClInclude Include="..\src\camera.h">
      <Filter>Source Files</Filter>
    </ClInclude>
    <ClInclude Include="..\src\drawing_util.h">
      <Filter>Source Files</Filter>
    </ClInclude>
    <ClInclude Include="..\src\engine.h">
      <Filter>Source Files</Filter>
    </ClInclude>
    <ClInclude Include="..\src\entity.h">
      <Filter>Source Files</Filter>
    </ClInclude>
    <ClInclude Include="..\src\external_include.h">
      <Filter>Source Files</Filter>
    </ClInclude>
    <ClInclude Include="..\src\globals.h">
      <Filter>Source Files</Filter>
    </ClInclude>
    <ClInclude Include="..\src\job.h">
      <Filter>Source Files</Filter>
    </ClInclude>
    <ClInclude Include="..\src\map.h">
      <Filter>Source Files</Filter>
    </ClInclude>
    <ClInclude Include="..\src\preload.h">
      <Filter>Source Files</Filter>
    </ClInclude>
    <ClInclude Include="..\src\spawner.h">
      <Filter>Source Files</Filter>
    </ClInclude>
    <ClInclude Include="..\src\std_include.h">
      <Filter>Source Files</Filter>
    </ClInclude>
    <ClInclude Include="..\src\text_util.h">
      <Filter>Source Files</Filter>
    </ClInclude>
    <ClInclude Include="..\src\vec_util.h">
      <Filter>Source Files</Filter>
    </ClInclude>
    <ClInclude Include="..\src\vendor_include.h">
      <Filter>Source Files</Filter>
    </ClInclude>
    <ClInclude Include="..\src\engine\app.h">
      <Filter>Source Files\engine</Filter>
    </ClInclude>
    <ClInclude Include="..\src\engine\assert.h">
      <Filter>Source Files\engine</Filter>
    </ClInclude>
    <ClInclude Include="..\src\engine\astar.h">
      <Filter>Source Files\engine</Filter>
    </ClInclude>
    <ClInclude Include="..\src\engine\atomic_queue.h">
      <Filter>Source Files\engine</Filter>
    </ClInclude>
    <ClInclude Include="..\src\engine\constexpr_containers.h">
      <Filter>Source Files\engine</Filter>
    </ClInclude>
    <ClInclude Include="..\src\engine\defer.h">
      <Filter>Source Files\engine</Filter>
    </ClInclude>
    <ClInclude Include="..\src\engine\event.h">
      <Filter>Source Files\engine</Filter>
    </ClInclude>
    <ClInclude Include="..\src\engine\files.h">
      <Filter>Source Files\engine</Filter>
    </ClInclude>
    <ClInclude Include="..\src\engine\gamepad_axis_with_dir.h">
      <Filter>Source Files\engine</Filter>
    </ClInclude>
    <ClInclude Include="..\src\engine\globals_register.h">
      <Filter>Source Files\engine</Filter>
    </ClInclude>
    <ClInclude Include="..\src\engine\is_server.h">
      <Filter>Source Files\engine</Filter>
    </ClInclude>
    <ClInclude Include="..\src\engine\keymap.h">
      <Filter>Source Files\engine</Filter>
    </ClInclude>
    <ClInclude Include="..\src\engine\layer.h">
      <Filter>Source Files\engine</Filter>
    </ClInclude>
    <ClInclude Include="..\src\engine\library.h">
      <Filter>Source Files\engine</Filter>
    </ClInclude>
    <ClInclude Include="..\src\engine\model_library.h">
      <Filter>Source Files\engine</Filter>
    </ClInclude>
    <ClInclude Include="..\src\engine\music_library.h">
      <Filter>Source Files\engine</Filter>
    </ClInclude>
    <ClInclude Include="..\src\engine\navmesh.h">
      <Filter>Source Files\engine</Filter>
    </ClInclude>
    <ClInclude Include="..\src\engine\polygon.h">
      <Filter>Source Files\engine</Filter>
    </ClInclude>
    <ClInclude Include="..\src\engine\profile.h">
      <Filter>Source Files\engine</Filter>
    </ClInclude>
    <ClInclude Include="..\src\engine\random.h">
      <Filter>Source Files\engine</Filter>
    </ClInclude>
    <ClInclude Include="..\src\engine\shader_library.h">
      <Filter>Source Files\engine</Filter>
    </ClInclude>
    <ClInclude Include="..\src\engine\singleton.h">
      <Filter>Source Files\engine</Filter>
    </ClInclude>
    <ClInclude Include="..\src\engine\sound_library.h">
      <Filter>Source Files\engine</Filter>
    </ClInclude>
    <ClInclude Include="..\src\engine\texture_library.h">
      <Filter>Source Files\engine</Filter>
    </ClInclude>
    <ClInclude Include="..\src\engine\timer.h">
      <Filter>Source Files\engine</Filter>
    </ClInclude>
    <ClInclude Include="..\src\engine\uuid.h">
      <Filter>Source Files\engine</Filter>
    </ClInclude>
    <ClInclude Include="..\src\engine\network\webrequest.h">
      <Filter>Source Files\engine</Filter>
    </ClInclude>
    <ClInclude Include="..\src\system\job_system.h">
      <Filter>Source Files\System</Filter>
    </ClInclude>
    <ClInclude Include="..\src\system\logging_system.h">
      <Filter>Source Files\System</Filter>
    </ClInclude>
    <ClInclude Include="..\src\system\rendering_system.h">
      <Filter>Source Files\System</Filter>
    </ClInclude>
    <ClInclude Include="..\src\system\system_manager.h">
      <Filter>Source Files\System</Filter>
    </ClInclude>
    <ClInclude Include="..\src\level_info.h">
      <Filter>Source Files</Filter>
    </ClInclude>
    <ClInclude Include="..\src\system\input_process_manager.h">
      <Filter>Source Files\System</Filter>
    </ClInclude>
    <ClInclude Include="..\src\components\adds_ingredient.h">
      <Filter>Header Files</Filter>
    </ClInclude>
    <ClInclude Include="..\src\components\base_component.h">
      <Filter>Header Files</Filter>
    </ClInclude>
    <ClInclude Include="..\src\components\can_be_ghost_player.h">
      <Filter>Header Files</Filter>
    </ClInclude>
    <ClInclude Include="..\src\components\can_be_held.h">
      <Filter>Header Files</Filter>
    </ClInclude>
    <ClInclude Include="..\src\components\can_be_highlighted.h">
      <Filter>Header Files</Filter>
    </ClInclude>
    <ClInclude Include="..\src\components\can_be_pushed.h">
      <Filter>Header Files</Filter>
    </ClInclude>
    <ClInclude Include="..\src\components\can_be_taken_from.h">
      <Filter>Header Files</Filter>
    </ClInclude>
    <ClInclude Include="..\src\components\can_grab_from_other_furniture.h">
      <Filter>Header Files</Filter>
    </ClInclude>
    <ClInclude Include="..\src\components\can_highlight_others.h">
      <Filter>Header Files</Filter>
    </ClInclude>
    <ClInclude Include="..\src\components\can_hold_furniture.h">
      <Filter>Header Files</Filter>
    </ClInclude>
    <ClInclude Include="..\src\components\can_hold_item.h">
      <Filter>Header Files</Filter>
    </ClInclude>
    <ClInclude Include="..\src\components\can_order_drink.h">
      <Filter>Header Files</Filter>
    </ClInclude>
    <ClInclude Include="..\src\components\can_perform_job.h">
      <Filter>Header Files</Filter>
    </ClInclude>
    <ClInclude Include="..\src\components\collects_user_input.h">
      <Filter>Header Files</Filter>
    </ClInclude>
    <ClInclude Include="..\src\components\conveys_held_item.h">
      <Filter>Header Files</Filter>
    </ClInclude>
    <ClInclude Include="..\src\components\custom_item_position.h">
      <Filter>Header Files</Filter>
    </ClInclude>
    <ClInclude Include="..\src\components\debug_name.h">
      <Filter>Header Files</Filter>
    </ClInclude>
    <ClInclude Include="..\src\components\has_base_speed.h">
      <Filter>Header Files</Filter>
    </ClInclude>
    <ClInclude Include="..\src\components\has_client_id.h">
      <Filter>Header Files</Filter>
    </ClInclude>
    <ClInclude Include="..\src\components\has_dynamic_model_name.h">
      <Filter>Header Files</Filter>
    </ClInclude>
    <ClInclude Include="..\src\components\has_name.h">
      <Filter>Header Files</Filter>
    </ClInclude>
    <ClInclude Include="..\src\components\has_rope_to_item.h">
      <Filter>Header Files</Filter>
    </ClInclude>
    <ClInclude Include="..\src\components\has_speech_bubble.h">
      <Filter>Header Files</Filter>
    </ClInclude>
    <ClInclude Include="..\src\components\has_subtype.h">
      <Filter>Header Files</Filter>
    </ClInclude>
    <ClInclude Include="..\src\components\has_timer.h">
      <Filter>Header Files</Filter>
    </ClInclude>
    <ClInclude Include="..\src\components\has_waiting_queue.h">
      <Filter>Header Files</Filter>
    </ClInclude>
    <ClInclude Include="..\src\components\has_work.h">
      <Filter>Header Files</Filter>
    </ClInclude>
    <ClInclude Include="..\src\components\indexer.h">
      <Filter>Header Files</Filter>
    </ClInclude>
    <ClInclude Include="..\src\components\is_drink.h">
      <Filter>Header Files</Filter>
    </ClInclude>
    <ClInclude Include="..\src\components\is_item.h">
      <Filter>Header Files</Filter>
    </ClInclude>
    <ClInclude Include="..\src\components\is_item_container.h">
      <Filter>Header Files</Filter>
    </ClInclude>
    <ClInclude Include="..\src\components\is_pnumatic_pipe.h">
      <Filter>Header Files</Filter>
    </ClInclude>
    <ClInclude Include="..\src\components\is_progression_manager.h">
      <Filter>Header Files</Filter>
    </ClInclude>
    <ClInclude Include="..\src\components\is_rotatable.h">
      <Filter>Header Files</Filter>
    </ClInclude>
    <ClInclude Include="..\src\components\is_snappable.h">
      <Filter>Header Files</Filter>
    </ClInclude>
    <ClInclude Include="..\src\components\is_solid.h">
      <Filter>Header Files</Filter>
    </ClInclude>
    <ClInclude Include="..\src\components\is_spawner.h">
      <Filter>Header Files</Filter>
    </ClInclude>
    <ClInclude Include="..\src\components\is_trigger_area.h">
      <Filter>Header Files</Filter>
    </ClInclude>
    <ClInclude Include="..\src\components\model_renderer.h">
      <Filter>Header Files</Filter>
    </ClInclude>
    <ClInclude Include="..\src\components\responds_to_user_input.h">
      <Filter>Header Files</Filter>
    </ClInclude>
    <ClInclude Include="..\src\components\shows_progress_bar.h">
      <Filter>Header Files</Filter>
    </ClInclude>
    <ClInclude Include="..\src\components\simple_colored_box_renderer.h">
      <Filter>Header Files</Filter>
    </ClInclude>
    <ClInclude Include="..\src\components\transform.h">
      <Filter>Header Files</Filter>
    </ClInclude>
    <ClInclude Include="..\src\components\uses_character_model.h">
      <Filter>Header Files</Filter>
    </ClInclude>
    <ClInclude Include="..\src\entity_makers.h">
      <Filter>Header Files</Filter>
    </ClInclude>
    <ClInclude Include="..\src\layers\aboutlayer.h">
      <Filter>Header Files</Filter>
    </ClInclude>
    <ClInclude Include="..\src\layers\fpslayer.h">
      <Filter>Header Files</Filter>
    </ClInclude>
    <ClInclude Include="..\src\layers\gamedebuglayer.h">
      <Filter>Header Files</Filter>
    </ClInclude>
    <ClInclude Include="..\src\layers\gamelayer.h">
      <Filter>Header Files</Filter>
    </ClInclude>
    <ClInclude Include="..\src\layers\menulayer.h">
      <Filter>Header Files</Filter>
    </ClInclude>
    <ClInclude Include="..\src\layers\networklayer.h">
      <Filter>Header Files</Filter>
    </ClInclude>
    <ClInclude Include="..\src\layers\pauselayer.h">
      <Filter>Header Files</Filter>
    </ClInclude>
    <ClInclude Include="..\src\layers\settingslayer.h">
      <Filter>Header Files</Filter>
    </ClInclude>
    <ClInclude Include="..\src\layers\streamersafelayer.h">
      <Filter>Header Files</Filter>
    </ClInclude>
    <ClInclude Include="..\src\layers\toastlayer.h">
      <Filter>Header Files</Filter>
    </ClInclude>
    <ClInclude Include="..\src\layers\versionlayer.h">
      <Filter>Header Files</Filter>
    </ClInclude>
    <ClInclude Include="..\src\recipe_library.h">
      <Filter>Header Files</Filter>
    </ClInclude>
    <ClInclude Include="..\src\strings.h">
      <Filter>Header Files</Filter>
    </ClInclude>
    <ClInclude Include="..\src\bitsery_include.h">
      <Filter>Header Files</Filter>
    </ClInclude>
    <ClInclude Include="..\src\dataclass\entity_filter.h">
      <Filter>Header Files</Filter>
    </ClInclude>
    <ClInclude Include="..\src\dataclass\ingredient.h">
      <Filter>Header Files</Filter>
    </ClInclude>
    <ClInclude Include="..\src\dataclass\medicine.h">
      <Filter>Header Files</Filter>
    </ClInclude>
    <ClInclude Include="..\src\dataclass\names.h">
      <Filter>Header Files</Filter>
    </ClInclude>
    <ClInclude Include="..\src\engine\anim_library.h">
      <Filter>Header Files</Filter>
    </ClInclude>
    <ClInclude Include="..\src\engine\bitset_utils.h">
      <Filter>Header Files</Filter>
    </ClInclude>
    <ClInclude Include="..\src\engine\container_cast.h">
      <Filter>Header Files</Filter>
    </ClInclude>
    <ClInclude Include="..\src\engine\detect_program.h">
      <Filter>Header Files</Filter>
    </ClInclude>
    <ClInclude Include="..\src\engine\font_sizer.h">
      <Filter>Header Files</Filter>
    </ClInclude>
    <ClInclude Include="..\src\engine\globals.h">
      <Filter>Header Files</Filter>
    </ClInclude>
    <ClInclude Include="..\src\engine\graphics.h">
      <Filter>Header Files</Filter>
    </ClInclude>
    <ClInclude Include="..\src\engine\log.h">
      <Filter>Header Files</Filter>
    </ClInclude>
    <ClInclude Include="..\src\engine\resolution.h">
      <Filter>Header Files</Filter>
    </ClInclude>
    <ClInclude Include="..\src\engine\settings.h">
      <Filter>Header Files</Filter>
    </ClInclude>
    <ClInclude Include="..\src\engine\statemanager.h">
      <Filter>Header Files</Filter>
    </ClInclude>
    <ClInclude Include="..\src\engine\time.h">
      <Filter>Header Files</Filter>
    </ClInclude>
    <ClInclude Include="..\src\engine\toastmanager.h">
      <Filter>Header Files</Filter>
    </ClInclude>
    <ClInclude Include="..\src\engine\tracy.h">
      <Filter>Header Files</Filter>
    </ClInclude>
    <ClInclude Include="..\src\engine\trie.h">
      <Filter>Header Files</Filter>
    </ClInclude>
    <ClInclude Include="..\src\engine\trigger_on_dt.h">
      <Filter>Header Files</Filter>
    </ClInclude>
    <ClInclude Include="..\src\engine\type_name.h">
      <Filter>Header Files</Filter>
    </ClInclude>
    <ClInclude Include="..\src\engine\util.h">
      <Filter>Header Files</Filter>
    </ClInclude>
    <ClInclude Include="..\src\entity_type.h">
      <Filter>Header Files</Filter>
    </ClInclude>
    <ClInclude Include="..\src\game.h">
      <Filter>Header Files</Filter>
    </ClInclude>
    <ClInclude Include="..\src\map_generation.h">
      <Filter>Header Files</Filter>
    </ClInclude>
    <ClInclude Include="..\src\network\internal\channel.h">
      <Filter>Header Files</Filter>
    </ClInclude>
    <ClInclude Include="..\src\network\internal\client.h">
      <Filter>Header Files</Filter>
    </ClInclude>
    <ClInclude Include="..\src\network\internal\server.h">
      <Filter>Header Files</Filter>
    </ClInclude>
    <ClInclude Include="..\src\system\ui_rendering_system.h">
      <Filter>Header Files</Filter>
    </ClInclude>
    <ClInclude Include="..\src\tests\all_tests.h">
      <Filter>Header Files</Filter>
    </ClInclude>
    <ClInclude Include="..\src\tests\component.h">
      <Filter>Header Files</Filter>
    </ClInclude>
    <ClInclude Include="..\src\tests\lerp_test.h">
      <Filter>Header Files</Filter>
    </ClInclude>
    <ClInclude Include="..\src\tests\size_ents.h">
      <Filter>Header Files</Filter>
    </ClInclude>
    <ClInclude Include="..\src\tests\test_maps.h">
      <Filter>Header Files</Filter>
    </ClInclude>
    <ClInclude Include="..\src\tests\test_pathing.h">
      <Filter>Header Files</Filter>
    </ClInclude>
    <ClInclude Include="..\src\tests\test_ui_widget.h">
      <Filter>Header Files</Filter>
    </ClInclude>
    <ClInclude Include="..\src\engine\font_library.h">
      <Filter>Source Files</Filter>
    </ClInclude>
    <ClInclude Include="..\src\engine\font_util.h">
      <Filter>Source Files</Filter>
    </ClInclude>
    <ClInclude Include="..\src\entity_helper.h">
      <Filter>Source Files</Filter>
    </ClInclude>
    <ClInclude Include="..\src\components\has_patience.h">
      <Filter>Header Files</Filter>
    </ClInclude>
    <ClInclude Include="..\src\components\has_progression.h">
      <Filter>Header Files</Filter>
    </ClInclude>
    <ClInclude Include="..\src\engine\mouse_map.h">
      <Filter>Header Files</Filter>
    </ClInclude>
    <ClInclude Include="..\src\engine\ui\autolayout.h">
      <Filter>Header Files</Filter>
    </ClInclude>
    <ClInclude Include="..\src\engine\ui\callback_registry.h">
      <Filter>Header Files</Filter>
    </ClInclude>
    <ClInclude Include="..\src\engine\ui\color.h">
      <Filter>Header Files</Filter>
    </ClInclude>
    <ClInclude Include="..\src\engine\ui\context.h">
      <Filter>Header Files</Filter>
    </ClInclude>
    <ClInclude Include="..\src\engine\ui\element_result.h">
      <Filter>Header Files</Filter>
    </ClInclude>
    <ClInclude Include="..\src\engine\ui\focus.h">
      <Filter>Header Files</Filter>
    </ClInclude>
    <ClInclude Include="..\src\engine\ui\rect.h">
      <Filter>Header Files</Filter>
    </ClInclude>
    <ClInclude Include="..\src\engine\ui\state.h">
      <Filter>Header Files</Filter>
    </ClInclude>
    <ClInclude Include="..\src\engine\ui\theme.h">
      <Filter>Header Files</Filter>
    </ClInclude>
    <ClInclude Include="..\src\engine\ui\ui.h">
      <Filter>Header Files</Filter>
    </ClInclude>
    <ClInclude Include="..\src\engine\ui\ui_internal.h">
      <Filter>Header Files</Filter>
    </ClInclude>
    <ClInclude Include="..\src\engine\ui\widget.h">
      <Filter>Header Files</Filter>
    </ClInclude>
    <ClInclude Include="..\src\layers\base_game_renderer.h">
      <Filter>Header Files</Filter>
    </ClInclude>
    <ClInclude Include="..\src\layers\handlayer.h">
      <Filter>Header Files</Filter>
    </ClInclude>
    <ClInclude Include="..\src\layers\round_end_reason_layer.h">
      <Filter>Header Files</Filter>
    </ClInclude>
    <ClInclude Include="..\src\layers\round_timer_layer.h">
      <Filter>Header Files</Filter>
    </ClInclude>
    <ClInclude Include="..\src\layers\seedmanagerlayer.h">
      <Filter>Header Files</Filter>
    </ClInclude>
    <ClInclude Include="..\src\layers\uitestlayer.h">
      <Filter>Header Files</Filter>
    </ClInclude>
    <ClInclude Include="..\src\system\progression.h">
      <Filter>Header Files</Filter>
    </ClInclude>
    <ClInclude Include="..\src\tests\rect_split_tests.h">
      <Filter>Header Files</Filter>
    </ClInclude>
    <ClInclude Include="..\src\wave_collapse.h">
      <Filter>Source Files</Filter>
    </ClInclude>
    <ClInclude Include="..\src\system\ingredient_helper.h">
      <Filter>Source Files</Filter>
    </ClInclude>
    <ClInclude Include="..\src\engine\ui\sound.h">
      <Filter>Source Files</Filter>
    </ClInclude>
    <ClInclude Include="..\src\engine\ui\ui_context.h">
      <Filter>Source Files</Filter>
    </ClInclude>
    <ClInclude Include="..\src\engine\ui\ui_input_manager.h">
      <Filter>Source Files</Filter>
    </ClInclude>
    <ClInclude Include="..\src\engine\ui\ui_render_textures.h">
      <Filter>Source Files</Filter>
    </ClInclude>
    <ClInclude Include="..\src\engine\bfs.h">
      <Filter>Source Files</Filter>
    </ClInclude>
    <ClInclude Include="..\src\engine\pathfinder.h">
      <Filter>Source Files</Filter>
    </ClInclude>
    <ClInclude Include="..\src\config_key_library.h">
      <Filter>Source Files</Filter>
    </ClInclude>
    <ClInclude Include="..\src\upgrade_library.h">
      <Filter>Source Files</Filter>
    </ClInclude>
    <ClInclude Include="..\src\system\sophie.h">
      <Filter>Source Files</Filter>
    </ClInclude>
    <ClInclude Include="..\src\components\can_pathfind.h">
      <Filter>Source Files</Filter>
    </ClInclude>
    <ClInclude Include="..\src\components\is_bank.h">
      <Filter>Source Files</Filter>
    </ClInclude>
    <ClInclude Include="..\src\components\is_floor_marker.h">
      <Filter>Source Files</Filter>
    </ClInclude>
    <ClInclude Include="..\src\components\is_free_in_store.h">
      <Filter>Source Files</Filter>
    </ClInclude>
    <ClInclude Include="..\src\components\is_round_settings_manager.h">
      <Filter>Source Files</Filter>
    </ClInclude>
    <ClInclude Include="..\src\components\is_toilet.h">
      <Filter>Source Files</Filter>
    </ClInclude>
    <ClInclude Include="..\src\layers\debug_settings.h">
      <Filter>Source Files</Filter>
    </ClInclude>
    <ClInclude Include="..\src\layers\recipe_book_layer.h">
      <Filter>Source Files</Filter>
    </ClInclude>
    <ClInclude Include="..\src\layers\store_layer.h">
      <Filter>Source Files</Filter>
    </ClInclude>
  </ItemGroup>
  <ItemGroup>
    <ClCompile Include="..\src\game.cpp">
      <Filter>Source Files</Filter>
    </ClCompile>
    <ClCompile Include="..\src\engine\app.cpp">
      <Filter>Source Files\engine</Filter>
    </ClCompile>
    <ClCompile Include="..\src\engine\files.cpp">
      <Filter>Source Files\engine</Filter>
    </ClCompile>
    <ClCompile Include="..\src\engine\network\webrequest.cpp">
      <Filter>Source Files\engine</Filter>
    </ClCompile>
    <ClCompile Include="..\src\job.cpp">
      <Filter>Source Files</Filter>
    </ClCompile>
    <ClCompile Include="..\src\system\system_manager.cpp">
      <Filter>Source Files\System</Filter>
    </ClCompile>
    <ClCompile Include="..\src\system\rendering_system.cpp">
      <Filter>Source Files\System</Filter>
    </ClCompile>
    <ClCompile Include="..\src\preload.cpp">
      <Filter>Source Files</Filter>
    </ClCompile>
    <ClCompile Include="..\src\engine\globals_register.cpp">
      <Filter>Source Files</Filter>
    </ClCompile>
    <ClCompile Include="..\src\system\input_process_manager.cpp">
      <Filter>Source Files</Filter>
    </ClCompile>
    <ClCompile Include="..\src\entity.cpp">
      <Filter>Source Files</Filter>
    </ClCompile>
    <ClCompile Include="..\src\entity_makers.cpp">
      <Filter>Source Files</Filter>
    </ClCompile>
    <ClCompile Include="..\src\level_info.cpp">
      <Filter>Source Files</Filter>
    </ClCompile>
    <ClCompile Include="..\src\network\server.cpp">
      <Filter>Source Files</Filter>
    </ClCompile>
    <ClCompile Include="..\src\engine\settings.cpp">
      <Filter>Source Files</Filter>
    </ClCompile>
    <ClCompile Include="..\src\entity_helper.cpp">
      <Filter>Source Files</Filter>
    </ClCompile>
    <ClCompile Include="..\src\camera.cpp">
      <Filter>Source Files</Filter>
    </ClCompile>
    <ClCompile Include="..\src\wave_collapse.cpp">
      <Filter>Source Files</Filter>
    </ClCompile>
    <ClCompile Include="..\src\system\ingredient_helper.cpp">
      <Filter>Source Files</Filter>
    </ClCompile>
    <ClCompile Include="..\src\system\sophie.cpp">
      <Filter>Source Files</Filter>
    </ClCompile>
    <ClCompile Include="..\src\engine\ui\ui.cpp">
      <Filter>Source Files</Filter>
    </ClCompile>
    <ClCompile Include="..\src\network\client.cpp">
      <Filter>Source Files</Filter>
    </ClCompile>
    <ClCompile Include="..\src\system\job_system.cpp">
      <Filter>Source Files</Filter>
    </ClCompile>
    <ClCompile Include="..\src\components\has_waiting_queue.cpp">
      <Filter>Source Files</Filter>
    </ClCompile>
    <ClCompile Include="..\src\layers\settingslayer.cpp">
      <Filter>Source Files</Filter>
    </ClCompile>
  </ItemGroup>
</Project>